
Microsoft Visual Studio Solution File, Format Version 12.00
# Visual Studio Version 17
VisualStudioVersion = 17.11.35327.3
MinimumVisualStudioVersion = 10.0.40219.1
Project("{FAE04EC0-301F-11D3-BF4B-00C04F79EFBC}") = "SampleCRUD", "SampleCRUD\SampleCRUD.csproj", "{BD0A8B5E-51D7-4348-AEBE-B93B7F920BA9}"
EndProject
Global
	GlobalSection(SolutionConfigurationPlatforms) = preSolution
		Debug|Any CPU = Debug|Any CPU
		Release|Any CPU = Release|Any CPU
	EndGlobalSection
	GlobalSection(ProjectConfigurationPlatforms) = postSolution
		{BD0A8B5E-51D7-4348-AEBE-B93B7F920BA9}.Debug|Any CPU.ActiveCfg = Debug|Any CPU
		{BD0A8B5E-51D7-4348-AEBE-B93B7F920BA9}.Debug|Any CPU.Build.0 = Debug|Any CPU
		{BD0A8B5E-51D7-4348-AEBE-B93B7F920BA9}.Release|Any CPU.ActiveCfg = Release|Any CPU
		{BD0A8B5E-51D7-4348-AEBE-B93B7F920BA9}.Release|Any CPU.Build.0 = Release|Any CPU
	EndGlobalSection
	GlobalSection(SolutionProperties) = preSolution
		HideSolutionNode = FALSE
	EndGlobalSection
	GlobalSection(ExtensibilityGlobals) = postSolution
		SolutionGuid = {8D888B6B-CAC1-4104-A8DE-7AF327C5D314}
	EndGlobalSection
EndGlobal
